// !$*UTF8*$!
{
	archiveVersion = 1;
	classes = {
	};
	objectVersion = 56;
	objects = {

/* Begin PBXBuildFile section */
		9E24917F2C733175001CFB14 /* AppDelegate.swift in Sources */ = {isa = PBXBuildFile; fileRef = 9E24917E2C733175001CFB14 /* AppDelegate.swift */; };
		9E2491812C733175001CFB14 /* SceneDelegate.swift in Sources */ = {isa = PBXBuildFile; fileRef = 9E2491802C733175001CFB14 /* SceneDelegate.swift */; };
		9E2491832C733175001CFB14 /* ViewController.swift in Sources */ = {isa = PBXBuildFile; fileRef = 9E2491822C733175001CFB14 /* ViewController.swift */; };
		9E2491862C733175001CFB14 /* Main.storyboard in Resources */ = {isa = PBXBuildFile; fileRef = 9E2491842C733175001CFB14 /* Main.storyboard */; };
		9E2491882C733178001CFB14 /* Assets.xcassets in Resources */ = {isa = PBXBuildFile; fileRef = 9E2491872C733178001CFB14 /* Assets.xcassets */; };
		9E24918B2C733178001CFB14 /* LaunchScreen.storyboard in Resources */ = {isa = PBXBuildFile; fileRef = 9E2491892C733178001CFB14 /* LaunchScreen.storyboard */; };
		9E2491962C733178001CFB14 /* Test1111Tests.swift in Sources */ = {isa = PBXBuildFile; fileRef = 9E2491952C733178001CFB14 /* Test1111Tests.swift */; };
		9E2491A02C733178001CFB14 /* Test1111UITests.swift in Sources */ = {isa = PBXBuildFile; fileRef = 9E24919F2C733178001CFB14 /* Test1111UITests.swift */; };
		9E2491A22C733178001CFB14 /* Test1111UITestsLaunchTests.swift in Sources */ = {isa = PBXBuildFile; fileRef = 9E2491A12C733178001CFB14 /* Test1111UITestsLaunchTests.swift */; };
/* End PBXBuildFile section */

/* Begin PBXContainerItemProxy section */
		9E2491922C733178001CFB14 /* PBXContainerItemProxy */ = {
			isa = PBXContainerItemProxy;
			containerPortal = 9E2491732C733175001CFB14 /* Project object */;
			proxyType = 1;
			remoteGlobalIDString = 9E24917A2C733175001CFB14;
			remoteInfo = Test1111;
		};
		9E24919C2C733178001CFB14 /* PBXContainerItemProxy */ = {
			isa = PBXContainerItemProxy;
			containerPortal = 9E2491732C733175001CFB14 /* Project object */;
			proxyType = 1;
			remoteGlobalIDString = 9E24917A2C733175001CFB14;
			remoteInfo = Test1111;
		};
/* End PBXContainerItemProxy section */

/* Begin PBXFileReference section */
		9E24917B2C733175001CFB14 /* Test1111.app */ = {isa = PBXFileReference; explicitFileType = wrapper.application; includeInIndex = 0; path = Test1111.app; sourceTree = BUILT_PRODUCTS_DIR; };
		9E24917E2C733175001CFB14 /* AppDelegate.swift */ = {isa = PBXFileReference; lastKnownFileType = sourcecode.swift; path = AppDelegate.swift; sourceTree = "<group>"; };
		9E2491802C733175001CFB14 /* SceneDelegate.swift */ = {isa = PBXFileReference; lastKnownFileType = sourcecode.swift; path = SceneDelegate.swift; sourceTree = "<group>"; };
		9E2491822C733175001CFB14 /* ViewController.swift */ = {isa = PBXFileReference; lastKnownFileType = sourcecode.swift; path = ViewController.swift; sourceTree = "<group>"; };
		9E2491852C733175001CFB14 /* Base */ = {isa = PBXFileReference; lastKnownFileType = file.storyboard; name = Base; path = Base.lproj/Main.storyboard; sourceTree = "<group>"; };
		9E2491872C733178001CFB14 /* Assets.xcassets */ = {isa = PBXFileReference; lastKnownFileType = folder.assetcatalog; path = Assets.xcassets; sourceTree = "<group>"; };
		9E24918A2C733178001CFB14 /* Base */ = {isa = PBXFileReference; lastKnownFileType = file.storyboard; name = Base; path = Base.lproj/LaunchScreen.storyboard; sourceTree = "<group>"; };
		9E24918C2C733178001CFB14 /* Info.plist */ = {isa = PBXFileReference; lastKnownFileType = text.plist.xml; path = Info.plist; sourceTree = "<group>"; };
		9E2491912C733178001CFB14 /* Test1111Tests.xctest */ = {isa = PBXFileReference; explicitFileType = wrapper.cfbundle; includeInIndex = 0; path = Test1111Tests.xctest; sourceTree = BUILT_PRODUCTS_DIR; };
		9E2491952C733178001CFB14 /* Test1111Tests.swift */ = {isa = PBXFileReference; lastKnownFileType = sourcecode.swift; path = Test1111Tests.swift; sourceTree = "<group>"; };
		9E24919B2C733178001CFB14 /* Test1111UITests.xctest */ = {isa = PBXFileReference; explicitFileType = wrapper.cfbundle; includeInIndex = 0; path = Test1111UITests.xctest; sourceTree = BUILT_PRODUCTS_DIR; };
		9E24919F2C733178001CFB14 /* Test1111UITests.swift */ = {isa = PBXFileReference; lastKnownFileType = sourcecode.swift; path = Test1111UITests.swift; sourceTree = "<group>"; };
		9E2491A12C733178001CFB14 /* Test1111UITestsLaunchTests.swift */ = {isa = PBXFileReference; lastKnownFileType = sourcecode.swift; path = Test1111UITestsLaunchTests.swift; sourceTree = "<group>"; };
/* End PBXFileReference section */

/* Begin PBXFrameworksBuildPhase section */
		9E2491782C733175001CFB14 /* Frameworks */ = {
			isa = PBXFrameworksBuildPhase;
			buildActionMask = 2147483647;
			files = (
			);
			runOnlyForDeploymentPostprocessing = 0;
		};
		9E24918E2C733178001CFB14 /* Frameworks */ = {
			isa = PBXFrameworksBuildPhase;
			buildActionMask = 2147483647;
			files = (
			);
			runOnlyForDeploymentPostprocessing = 0;
		};
		9E2491982C733178001CFB14 /* Frameworks */ = {
			isa = PBXFrameworksBuildPhase;
			buildActionMask = 2147483647;
			files = (
			);
			runOnlyForDeploymentPostprocessing = 0;
		};
/* End PBXFrameworksBuildPhase section */

/* Begin PBXGroup section */
		9E2491722C733175001CFB14 = {
			isa = PBXGroup;
			children = (
				9E24917D2C733175001CFB14 /* Test1111 */,
				9E2491942C733178001CFB14 /* Test1111Tests */,
				9E24919E2C733178001CFB14 /* Test1111UITests */,
				9E24917C2C733175001CFB14 /* Products */,
			);
			sourceTree = "<group>";
		};
		9E24917C2C733175001CFB14 /* Products */ = {
			isa = PBXGroup;
			children = (
				9E24917B2C733175001CFB14 /* Test1111.app */,
				9E2491912C733178001CFB14 /* Test1111Tests.xctest */,
				9E24919B2C733178001CFB14 /* Test1111UITests.xctest */,
			);
			name = Products;
			sourceTree = "<group>";
		};
		9E24917D2C733175001CFB14 /* Test1111 */ = {
			isa = PBXGroup;
			children = (
				9E24917E2C733175001CFB14 /* AppDelegate.swift */,
				9E2491802C733175001CFB14 /* SceneDelegate.swift */,
				9E2491822C733175001CFB14 /* ViewController.swift */,
				9E2491842C733175001CFB14 /* Main.storyboard */,
				9E2491872C733178001CFB14 /* Assets.xcassets */,
				9E2491892C733178001CFB14 /* LaunchScreen.storyboard */,
				9E24918C2C733178001CFB14 /* Info.plist */,
			);
			path = Test1111;
			sourceTree = "<group>";
		};
		9E2491942C733178001CFB14 /* Test1111Tests */ = {
			isa = PBXGroup;
			children = (
				9E2491952C733178001CFB14 /* Test1111Tests.swift */,
			);
			path = Test1111Tests;
			sourceTree = "<group>";
		};
		9E24919E2C733178001CFB14 /* Test1111UITests */ = {
			isa = PBXGroup;
			children = (
				9E24919F2C733178001CFB14 /* Test1111UITests.swift */,
				9E2491A12C733178001CFB14 /* Test1111UITestsLaunchTests.swift */,
			);
			path = Test1111UITests;
			sourceTree = "<group>";
		};
/* End PBXGroup section */

/* Begin PBXNativeTarget section */
		9E24917A2C733175001CFB14 /* Test1111 */ = {
			isa = PBXNativeTarget;
			buildConfigurationList = 9E2491A52C733178001CFB14 /* Build configuration list for PBXNativeTarget "Test1111" */;
			buildPhases = (
				9E2491772C733175001CFB14 /* Sources */,
				9E2491782C733175001CFB14 /* Frameworks */,
				9E2491792C733175001CFB14 /* Resources */,
			);
			buildRules = (
			);
			dependencies = (
			);
			name = Test1111;
			productName = Test1111;
			productReference = 9E24917B2C733175001CFB14 /* Test1111.app */;
			productType = "com.apple.product-type.application";
		};
		9E2491902C733178001CFB14 /* Test1111Tests */ = {
			isa = PBXNativeTarget;
			buildConfigurationList = 9E2491A82C733178001CFB14 /* Build configuration list for PBXNativeTarget "Test1111Tests" */;
			buildPhases = (
				9E24918D2C733178001CFB14 /* Sources */,
				9E24918E2C733178001CFB14 /* Frameworks */,
				9E24918F2C733178001CFB14 /* Resources */,
			);
			buildRules = (
			);
			dependencies = (
				9E2491932C733178001CFB14 /* PBXTargetDependency */,
			);
			name = Test1111Tests;
			productName = Test1111Tests;
			productReference = 9E2491912C733178001CFB14 /* Test1111Tests.xctest */;
			productType = "com.apple.product-type.bundle.unit-test";
		};
		9E24919A2C733178001CFB14 /* Test1111UITests */ = {
			isa = PBXNativeTarget;
			buildConfigurationList = 9E2491AB2C733178001CFB14 /* Build configuration list for PBXNativeTarget "Test1111UITests" */;
			buildPhases = (
				9E2491972C733178001CFB14 /* Sources */,
				9E2491982C733178001CFB14 /* Frameworks */,
				9E2491992C733178001CFB14 /* Resources */,
			);
			buildRules = (
			);
			dependencies = (
				9E24919D2C733178001CFB14 /* PBXTargetDependency */,
			);
			name = Test1111UITests;
			productName = Test1111UITests;
			productReference = 9E24919B2C733178001CFB14 /* Test1111UITests.xctest */;
			productType = "com.apple.product-type.bundle.ui-testing";
		};
/* End PBXNativeTarget section */

/* Begin PBXProject section */
		9E2491732C733175001CFB14 /* Project object */ = {
			isa = PBXProject;
			attributes = {
				BuildIndependentTargetsInParallel = 1;
				LastSwiftUpdateCheck = 1400;
				LastUpgradeCheck = 1400;
				TargetAttributes = {
					9E24917A2C733175001CFB14 = {
						CreatedOnToolsVersion = 14.0.1;
					};
					9E2491902C733178001CFB14 = {
						CreatedOnToolsVersion = 14.0.1;
						TestTargetID = 9E24917A2C733175001CFB14;
					};
					9E24919A2C733178001CFB14 = {
						CreatedOnToolsVersion = 14.0.1;
						TestTargetID = 9E24917A2C733175001CFB14;
					};
				};
			};
			buildConfigurationList = 9E2491762C733175001CFB14 /* Build configuration list for PBXProject "Test1111" */;
			compatibilityVersion = "Xcode 14.0";
			developmentRegion = en;
			hasScannedForEncodings = 0;
			knownRegions = (
				en,
				Base,
			);
			mainGroup = 9E2491722C733175001CFB14;
			productRefGroup = 9E24917C2C733175001CFB14 /* Products */;
			projectDirPath = "";
			projectRoot = "";
			targets = (
				9E24917A2C733175001CFB14 /* Test1111 */,
				9E2491902C733178001CFB14 /* Test1111Tests */,
				9E24919A2C733178001CFB14 /* Test1111UITests */,
			);
		};
/* End PBXProject section */

/* Begin PBXResourcesBuildPhase section */
		9E2491792C733175001CFB14 /* Resources */ = {
			isa = PBXResourcesBuildPhase;
			buildActionMask = 2147483647;
			files = (
				9E24918B2C733178001CFB14 /* LaunchScreen.storyboard in Resources */,
				9E2491882C733178001CFB14 /* Assets.xcassets in Resources */,
				9E2491862C733175001CFB14 /* Main.storyboard in Resources */,
			);
			runOnlyForDeploymentPostprocessing = 0;
		};
		9E24918F2C733178001CFB14 /* Resources */ = {
			isa = PBXResourcesBuildPhase;
			buildActionMask = 2147483647;
			files = (
			);
			runOnlyForDeploymentPostprocessing = 0;
		};
		9E2491992C733178001CFB14 /* Resources */ = {
			isa = PBXResourcesBuildPhase;
			buildActionMask = 2147483647;
			files = (
			);
			runOnlyForDeploymentPostprocessing = 0;
		};
/* End PBXResourcesBuildPhase section */

/* Begin PBXSourcesBuildPhase section */
		9E2491772C733175001CFB14 /* Sources */ = {
			isa = PBXSourcesBuildPhase;
			buildActionMask = 2147483647;
			files = (
				9E2491832C733175001CFB14 /* ViewController.swift in Sources */,
				9E24917F2C733175001CFB14 /* AppDelegate.swift in Sources */,
				9E2491812C733175001CFB14 /* SceneDelegate.swift in Sources */,
			);
			runOnlyForDeploymentPostprocessing = 0;
		};
		9E24918D2C733178001CFB14 /* Sources */ = {
			isa = PBXSourcesBuildPhase;
			buildActionMask = 2147483647;
			files = (
				9E2491962C733178001CFB14 /* Test1111Tests.swift in Sources */,
			);
			runOnlyForDeploymentPostprocessing = 0;
		};
		9E2491972C733178001CFB14 /* Sources */ = {
			isa = PBXSourcesBuildPhase;
			buildActionMask = 2147483647;
			files = (
				9E2491A22C733178001CFB14 /* Test1111UITestsLaunchTests.swift in Sources */,
				9E2491A02C733178001CFB14 /* Test1111UITests.swift in Sources */,
			);
			runOnlyForDeploymentPostprocessing = 0;
		};
/* End PBXSourcesBuildPhase section */

/* Begin PBXTargetDependency section */
		9E2491932C733178001CFB14 /* PBXTargetDependency */ = {
			isa = PBXTargetDependency;
			target = 9E24917A2C733175001CFB14 /* Test1111 */;
			targetProxy = 9E2491922C733178001CFB14 /* PBXContainerItemProxy */;
		};
		9E24919D2C733178001CFB14 /* PBXTargetDependency */ = {
			isa = PBXTargetDependency;
			target = 9E24917A2C733175001CFB14 /* Test1111 */;
			targetProxy = 9E24919C2C733178001CFB14 /* PBXContainerItemProxy */;
		};
/* End PBXTargetDependency section */

/* Begin PBXVariantGroup section */
		9E2491842C733175001CFB14 /* Main.storyboard */ = {
			isa = PBXVariantGroup;
			children = (
				9E2491852C733175001CFB14 /* Base */,
			);
			name = Main.storyboard;
			sourceTree = "<group>";
		};
		9E2491892C733178001CFB14 /* LaunchScreen.storyboard */ = {
			isa = PBXVariantGroup;
			children = (
				9E24918A2C733178001CFB14 /* Base */,
			);
			name = LaunchScreen.storyboard;
			sourceTree = "<group>";
		};
/* End PBXVariantGroup section */

/* Begin XCBuildConfiguration section */
		9E2491A32C733178001CFB14 /* Debug */ = {
			isa = XCBuildConfiguration;
			buildSettings = {
				ALWAYS_SEARCH_USER_PATHS = NO;
				CLANG_ANALYZER_NONNULL = YES;
				CLANG_ANALYZER_NUMBER_OBJECT_CONVERSION = YES_AGGRESSIVE;
				CLANG_CXX_LANGUAGE_STANDARD = "gnu++20";
				CLANG_ENABLE_MODULES = YES;
				CLANG_ENABLE_OBJC_ARC = YES;
				CLANG_ENABLE_OBJC_WEAK = YES;
				CLANG_WARN_BLOCK_CAPTURE_AUTORELEASING = YES;
				CLANG_WARN_BOOL_CONVERSION = YES;
				CLANG_WARN_COMMA = YES;
				CLANG_WARN_CONSTANT_CONVERSION = YES;
				CLANG_WARN_DEPRECATED_OBJC_IMPLEMENTATIONS = YES;
				CLANG_WARN_DIRECT_OBJC_ISA_USAGE = YES_ERROR;
				CLANG_WARN_DOCUMENTATION_COMMENTS = YES;
				CLANG_WARN_EMPTY_BODY = YES;
				CLANG_WARN_ENUM_CONVERSION = YES;
				CLANG_WARN_INFINITE_RECURSION = YES;
				CLANG_WARN_INT_CONVERSION = YES;
				CLANG_WARN_NON_LITERAL_NULL_CONVERSION = YES;
				CLANG_WARN_OBJC_IMPLICIT_RETAIN_SELF = YES;
				CLANG_WARN_OBJC_LITERAL_CONVERSION = YES;
				CLANG_WARN_OBJC_ROOT_CLASS = YES_ERROR;
				CLANG_WARN_QUOTED_INCLUDE_IN_FRAMEWORK_HEADER = YES;
				CLANG_WARN_RANGE_LOOP_ANALYSIS = YES;
				CLANG_WARN_STRICT_PROTOTYPES = YES;
				CLANG_WARN_SUSPICIOUS_MOVE = YES;
				CLANG_WARN_UNGUARDED_AVAILABILITY = YES_AGGRESSIVE;
				CLANG_WARN_UNREACHABLE_CODE = YES;
				CLANG_WARN__DUPLICATE_METHOD_MATCH = YES;
				COPY_PHASE_STRIP = NO;
				DEBUG_INFORMATION_FORMAT = dwarf;
				ENABLE_STRICT_OBJC_MSGSEND = YES;
				ENABLE_TESTABILITY = YES;
				GCC_C_LANGUAGE_STANDARD = gnu11;
				GCC_DYNAMIC_NO_PIC = NO;
				GCC_NO_COMMON_BLOCKS = YES;
				GCC_OPTIMIZATION_LEVEL = 0;
				GCC_PREPROCESSOR_DEFINITIONS = (
					"DEBUG=1",
					"$(inherited)",
				);
				GCC_WARN_64_TO_32_BIT_CONVERSION = YES;
				GCC_WARN_ABOUT_RETURN_TYPE = YES_ERROR;
				GCC_WARN_UNDECLARED_SELECTOR = YES;
				GCC_WARN_UNINITIALIZED_AUTOS = YES_AGGRESSIVE;
				GCC_WARN_UNUSED_FUNCTION = YES;
				GCC_WARN_UNUSED_VARIABLE = YES;
				IPHONEOS_DEPLOYMENT_TARGET = 16.0;
				MTL_ENABLE_DEBUG_INFO = INCLUDE_SOURCE;
				MTL_FAST_MATH = YES;
				ONLY_ACTIVE_ARCH = YES;
				SDKROOT = iphoneos;
				SWIFT_ACTIVE_COMPILATION_CONDITIONS = DEBUG;
				SWIFT_OPTIMIZATION_LEVEL = "-Onone";
			};
			name = Debug;
		};
		9E2491A42C733178001CFB14 /* Release */ = {
			isa = XCBuildConfiguration;
			buildSettings = {
				ALWAYS_SEARCH_USER_PATHS = NO;
				CLANG_ANALYZER_NONNULL = YES;
				CLANG_ANALYZER_NUMBER_OBJECT_CONVERSION = YES_AGGRESSIVE;
				CLANG_CXX_LANGUAGE_STANDARD = "gnu++20";
				CLANG_ENABLE_MODULES = YES;
				CLANG_ENABLE_OBJC_ARC = YES;
				CLANG_ENABLE_OBJC_WEAK = YES;
				CLANG_WARN_BLOCK_CAPTURE_AUTORELEASING = YES;
				CLANG_WARN_BOOL_CONVERSION = YES;
				CLANG_WARN_COMMA = YES;
				CLANG_WARN_CONSTANT_CONVERSION = YES;
				CLANG_WARN_DEPRECATED_OBJC_IMPLEMENTATIONS = YES;
				CLANG_WARN_DIRECT_OBJC_ISA_USAGE = YES_ERROR;
				CLANG_WARN_DOCUMENTATION_COMMENTS = YES;
				CLANG_WARN_EMPTY_BODY = YES;
				CLANG_WARN_ENUM_CONVERSION = YES;
				CLANG_WARN_INFINITE_RECURSION = YES;
				CLANG_WARN_INT_CONVERSION = YES;
				CLANG_WARN_NON_LITERAL_NULL_CONVERSION = YES;
				CLANG_WARN_OBJC_IMPLICIT_RETAIN_SELF = YES;
				CLANG_WARN_OBJC_LITERAL_CONVERSION = YES;
				CLANG_WARN_OBJC_ROOT_CLASS = YES_ERROR;
				CLANG_WARN_QUOTED_INCLUDE_IN_FRAMEWORK_HEADER = YES;
				CLANG_WARN_RANGE_LOOP_ANALYSIS = YES;
				CLANG_WARN_STRICT_PROTOTYPES = YES;
				CLANG_WARN_SUSPICIOUS_MOVE = YES;
				CLANG_WARN_UNGUARDED_AVAILABILITY = YES_AGGRESSIVE;
				CLANG_WARN_UNREACHABLE_CODE = YES;
				CLANG_WARN__DUPLICATE_METHOD_MATCH = YES;
				COPY_PHASE_STRIP = NO;
				DEBUG_INFORMATION_FORMAT = "dwarf-with-dsym";
				ENABLE_NS_ASSERTIONS = NO;
				ENABLE_STRICT_OBJC_MSGSEND = YES;
				GCC_C_LANGUAGE_STANDARD = gnu11;
				GCC_NO_COMMON_BLOCKS = YES;
				GCC_WARN_64_TO_32_BIT_CONVERSION = YES;
				GCC_WARN_ABOUT_RETURN_TYPE = YES_ERROR;
				GCC_WARN_UNDECLARED_SELECTOR = YES;
				GCC_WARN_UNINITIALIZED_AUTOS = YES_AGGRESSIVE;
				GCC_WARN_UNUSED_FUNCTION = YES;
				GCC_WARN_UNUSED_VARIABLE = YES;
				IPHONEOS_DEPLOYMENT_TARGET = 16.0;
				MTL_ENABLE_DEBUG_INFO = NO;
				MTL_FAST_MATH = YES;
				SDKROOT = iphoneos;
				SWIFT_COMPILATION_MODE = wholemodule;
				SWIFT_OPTIMIZATION_LEVEL = "-O";
				VALIDATE_PRODUCT = YES;
			};
			name = Release;
		};
		9E2491A62C733178001CFB14 /* Debug */ = {
			isa = XCBuildConfiguration;
			buildSettings = {
				ASSETCATALOG_COMPILER_APPICON_NAME = AppIcon;
				ASSETCATALOG_COMPILER_GLOBAL_ACCENT_COLOR_NAME = AccentColor;
				CODE_SIGN_STYLE = Automatic;
				CURRENT_PROJECT_VERSION = 1;
				DEVELOPMENT_TEAM = CTU277PX96;
				GENERATE_INFOPLIST_FILE = YES;
				INFOPLIST_FILE = Test1111/Info.plist;
				INFOPLIST_KEY_UIApplicationSupportsIndirectInputEvents = YES;
				INFOPLIST_KEY_UILaunchStoryboardName = LaunchScreen;
				INFOPLIST_KEY_UIMainStoryboardFile = Main;
				INFOPLIST_KEY_UISupportedInterfaceOrientations_iPad = "UIInterfaceOrientationPortrait UIInterfaceOrientationPortraitUpsideDown UIInterfaceOrientationLandscapeLeft UIInterfaceOrientationLandscapeRight";
				INFOPLIST_KEY_UISupportedInterfaceOrientations_iPhone = "UIInterfaceOrientationPortrait UIInterfaceOrientationLandscapeLeft UIInterfaceOrientationLandscapeRight";
				LD_RUNPATH_SEARCH_PATHS = (
					"$(inherited)",
					"@executable_path/Frameworks",
				);
				MARKETING_VERSION = 1.0;
				PRODUCT_BUNDLE_IDENTIFIER = com.Zafi.Test1111;
				PRODUCT_NAME = "$(TARGET_NAME)";
				SWIFT_EMIT_LOC_STRINGS = YES;
				SWIFT_VERSION = 5.0;
				TARGETED_DEVICE_FAMILY = "1,2";
			};
			name = Debug;
		};
		9E2491A72C733178001CFB14 /* Release */ = {
			isa = XCBuildConfiguration;
			buildSettings = {
				ASSETCATALOG_COMPILER_APPICON_NAME = AppIcon;
				ASSETCATALOG_COMPILER_GLOBAL_ACCENT_COLOR_NAME = AccentColor;
				CODE_SIGN_STYLE = Automatic;
				CURRENT_PROJECT_VERSION = 1;
				DEVELOPMENT_TEAM = CTU277PX96;
				GENERATE_INFOPLIST_FILE = YES;
				INFOPLIST_FILE = Test1111/Info.plist;
				INFOPLIST_KEY_UIApplicationSupportsIndirectInputEvents = YES;
				INFOPLIST_KEY_UILaunchStoryboardName = LaunchScreen;
				INFOPLIST_KEY_UIMainStoryboardFile = Main;
				INFOPLIST_KEY_UISupportedInterfaceOrientations_iPad = "UIInterfaceOrientationPortrait UIInterfaceOrientationPortraitUpsideDown UIInterfaceOrientationLandscapeLeft UIInterfaceOrientationLandscapeRight";
				INFOPLIST_KEY_UISupportedInterfaceOrientations_iPhone = "UIInterfaceOrientationPortrait UIInterfaceOrientationLandscapeLeft UIInterfaceOrientationLandscapeRight";
				LD_RUNPATH_SEARCH_PATHS = (
					"$(inherited)",
					"@executable_path/Frameworks",
				);
				MARKETING_VERSION = 1.0;
				PRODUCT_BUNDLE_IDENTIFIER = com.Zafi.Test1111;
				PRODUCT_NAME = "$(TARGET_NAME)";
				SWIFT_EMIT_LOC_STRINGS = YES;
				SWIFT_VERSION = 5.0;
				TARGETED_DEVICE_FAMILY = "1,2";
			};
			name = Release;
		};
		9E2491A92C733178001CFB14 /* Debug */ = {
			isa = XCBuildConfiguration;
			buildSettings = {
				ALWAYS_EMBED_SWIFT_STANDARD_LIBRARIES = YES;
				BUNDLE_LOADER = "$(TEST_HOST)";
				CODE_SIGN_STYLE = Automatic;
				CURRENT_PROJECT_VERSION = 1;
				DEVELOPMENT_TEAM = CTU277PX96;
				GENERATE_INFOPLIST_FILE = YES;
				IPHONEOS_DEPLOYMENT_TARGET = 16.0;
				MARKETING_VERSION = 1.0;
				PRODUCT_BUNDLE_IDENTIFIER = com.Zafi.Test1111Tests;
				PRODUCT_NAME = "$(TARGET_NAME)";
				SWIFT_EMIT_LOC_STRINGS = NO;
				SWIFT_VERSION = 5.0;
				TARGETED_DEVICE_FAMILY = "1,2";
				TEST_HOST = "$(BUILT_PRODUCTS_DIR)/Test1111.app/$(BUNDLE_EXECUTABLE_FOLDER_PATH)/Test1111";
			};
			name = Debug;
		};
		9E2491AA2C733178001CFB14 /* Release */ = {
			isa = XCBuildConfiguration;
			buildSettings = {
				ALWAYS_EMBED_SWIFT_STANDARD_LIBRARIES = YES;
				BUNDLE_LOADER = "$(TEST_HOST)";
				CODE_SIGN_STYLE = Automatic;
				CURRENT_PROJECT_VERSION = 1;
				DEVELOPMENT_TEAM = CTU277PX96;
				GENERATE_INFOPLIST_FILE = YES;
				IPHONEOS_DEPLOYMENT_TARGET = 16.0;
				MARKETING_VERSION = 1.0;
				PRODUCT_BUNDLE_IDENTIFIER = com.Zafi.Test1111Tests;
				PRODUCT_NAME = "$(TARGET_NAME)";
				SWIFT_EMIT_LOC_STRINGS = NO;
				SWIFT_VERSION = 5.0;
				TARGETED_DEVICE_FAMILY = "1,2";
				TEST_HOST = "$(BUILT_PRODUCTS_DIR)/Test1111.app/$(BUNDLE_EXECUTABLE_FOLDER_PATH)/Test1111";
			};
			name = Release;
		};
		9E2491AC2C733178001CFB14 /* Debug */ = {
			isa = XCBuildConfiguration;
			buildSettings = {
				ALWAYS_EMBED_SWIFT_STANDARD_LIBRARIES = YES;
				CODE_SIGN_STYLE = Automatic;
				CURRENT_PROJECT_VERSION = 1;
				DEVELOPMENT_TEAM = CTU277PX96;
				GENERATE_INFOPLIST_FILE = YES;
				MARKETING_VERSION = 1.0;
				PRODUCT_BUNDLE_IDENTIFIER = com.Zafi.Test1111UITests;
				PRODUCT_NAME = "$(TARGET_NAME)";
				SWIFT_EMIT_LOC_STRINGS = NO;
				SWIFT_VERSION = 5.0;
				TARGETED_DEVICE_FAMILY = "1,2";
				TEST_TARGET_NAME = Test1111;
			};
			name = Debug;
		};
		9E2491AD2C733178001CFB14 /* Release */ = {
			isa = XCBuildConfiguration;
			buildSettings = {
				ALWAYS_EMBED_SWIFT_STANDARD_LIBRARIES = YES;
				CODE_SIGN_STYLE = Automatic;
				CURRENT_PROJECT_VERSION = 1;
				DEVELOPMENT_TEAM = CTU277PX96;
				GENERATE_INFOPLIST_FILE = YES;
				MARKETING_VERSION = 1.0;
				PRODUCT_BUNDLE_IDENTIFIER = com.Zafi.Test1111UITests;
				PRODUCT_NAME = "$(TARGET_NAME)";
				SWIFT_EMIT_LOC_STRINGS = NO;
				SWIFT_VERSION = 5.0;
				TARGETED_DEVICE_FAMILY = "1,2";
				TEST_TARGET_NAME = Test1111;
			};
			name = Release;
		};
/* End XCBuildConfiguration section */

/* Begin XCConfigurationList section */
		9E2491762C733175001CFB14 /* Build configuration list for PBXProject "Test1111" */ = {
			isa = XCConfigurationList;
			buildConfigurations = (
				9E2491A32C733178001CFB14 /* Debug */,
				9E2491A42C733178001CFB14 /* Release */,
			);
			defaultConfigurationIsVisible = 0;
			defaultConfigurationName = Release;
		};
		9E2491A52C733178001CFB14 /* Build configuration list for PBXNativeTarget "Test1111" */ = {
			isa = XCConfigurationList;
			buildConfigurations = (
				9E2491A62C733178001CFB14 /* Debug */,
				9E2491A72C733178001CFB14 /* Release */,
			);
			defaultConfigurationIsVisible = 0;
			defaultConfigurationName = Release;
		};
		9E2491A82C733178001CFB14 /* Build configuration list for PBXNativeTarget "Test1111Tests" */ = {
			isa = XCConfigurationList;
			buildConfigurations = (
				9E2491A92C733178001CFB14 /* Debug */,
				9E2491AA2C733178001CFB14 /* Release */,
			);
			defaultConfigurationIsVisible = 0;
			defaultConfigurationName = Release;
		};
		9E2491AB2C733178001CFB14 /* Build configuration list for PBXNativeTarget "Test1111UITests" */ = {
			isa = XCConfigurationList;
			buildConfigurations = (
				9E2491AC2C733178001CFB14 /* Debug */,
				9E2491AD2C733178001CFB14 /* Release */,
			);
			defaultConfigurationIsVisible = 0;
			defaultConfigurationName = Release;
		};
/* End XCConfigurationList section */
	};
	rootObject = 9E2491732C733175001CFB14 /* Project object */;
}
